
Microsoft Visual Studio Solution File, Format Version 12.00
# Visual Studio Version 17
VisualStudioVersion = 17.3.32929.385
MinimumVisualStudioVersion = 10.0.40219.1
Project("{FAE04EC0-301F-11D3-BF4B-00C04F79EFBC}") = "nuttrionApp", "nuttrionApp.csproj", "{4A5779A0-C487-4F7F-A8F5-B48871A1D68B}"
EndProject
Global
	GlobalSection(SolutionConfigurationPlatforms) = preSolution
		Debug|Any CPU = Debug|Any CPU
		Release|Any CPU = Release|Any CPU
	EndGlobalSection
	GlobalSection(ProjectConfigurationPlatforms) = postSolution
		{4A5779A0-C487-4F7F-A8F5-B48871A1D68B}.Debug|Any CPU.ActiveCfg = Debug|Any CPU
		{4A5779A0-C487-4F7F-A8F5-B48871A1D68B}.Debug|Any CPU.Build.0 = Debug|Any CPU
		{4A5779A0-C487-4F7F-A8F5-B48871A1D68B}.Release|Any CPU.ActiveCfg = Release|Any CPU
		{4A5779A0-C487-4F7F-A8F5-B48871A1D68B}.Release|Any CPU.Build.0 = Release|Any CPU
	EndGlobalSection
	GlobalSection(SolutionProperties) = preSolution
		HideSolutionNode = FALSE
	EndGlobalSection
	GlobalSection(ExtensibilityGlobals) = postSolution
		SolutionGuid = {8337A57B-87AD-4B41-BFEE-CDCC22709B0A}
	EndGlobalSection
EndGlobal
